github.com/julienschmidt/httprouter v1.3.0 h1:U0609e9tgbseu3rBINet9P48AI/D3oJs4dN7jwJOQ1U=
github.com/julienschmidt/httprouter v1.3.0/go.mod h1:JR6WtHb+2LUe8TCKY3cZOxFyyO8IZAc4RVcycCCAKdM=
golang.org/x/exp v0.0.0-20221109205753-fc8884afc316 h1:FedCSp0+vayF11p3wAQndIgu+JTcW2nLp5M+HSefjlM=
golang.org/x/exp v0.0.0-20221109205753-fc8884afc316/go.mod h1:CxIveKay+FTh1D0yPZemJVgC/95VzuuOLq5Qi4xnoYc=
